
Microsoft Visual Studio Solution File, Format Version 12.00
# Visual Studio Version 16
VisualStudioVersion = 16.0.29806.167
MinimumVisualStudioVersion = 10.0.40219.1
Project("{FAE04EC0-301F-11D3-BF4B-00C04F79EFBC}") = "TestConsole", "TestConsole\TestConsole.csproj", "{B7982834-4445-4771-A653-45988A942E81}"
EndProject
Project("{9A19103F-16F7-4668-BE54-9A1E7A4F7556}") = "olc.PixelEngine", "olc.PixelEngine\olc.PixelEngine.csproj", "{A1B20F9E-E93D-45A7-A1AA-9A5B25638587}"
EndProject
Project("{FAE04EC0-301F-11D3-BF4B-00C04F79EFBC}") = "olc.PixelEngine.WinForms", "olc.PixelEngine.WinForms\olc.PixelEngine.WinForms.csproj", "{2811A56E-62B2-4A32-8D74-5CAB1E5DEBB0}"
EndProject
Global
	GlobalSection(SolutionConfigurationPlatforms) = preSolution
		Debug|Any CPU = Debug|Any CPU
		Debug|x64 = Debug|x64
		Debug|x86 = Debug|x86
		Release|Any CPU = Release|Any CPU
		Release|x64 = Release|x64
		Release|x86 = Release|x86
	EndGlobalSection
	GlobalSection(ProjectConfigurationPlatforms) = postSolution
		{B7982834-4445-4771-A653-45988A942E81}.Debug|Any CPU.ActiveCfg = Debug|Any CPU
		{B7982834-4445-4771-A653-45988A942E81}.Debug|Any CPU.Build.0 = Debug|Any CPU
		{B7982834-4445-4771-A653-45988A942E81}.Debug|x64.ActiveCfg = Debug|Any CPU
		{B7982834-4445-4771-A653-45988A942E81}.Debug|x64.Build.0 = Debug|Any CPU
		{B7982834-4445-4771-A653-45988A942E81}.Debug|x86.ActiveCfg = Debug|Any CPU
		{B7982834-4445-4771-A653-45988A942E81}.Debug|x86.Build.0 = Debug|Any CPU
		{B7982834-4445-4771-A653-45988A942E81}.Release|Any CPU.ActiveCfg = Release|Any CPU
		{B7982834-4445-4771-A653-45988A942E81}.Release|Any CPU.Build.0 = Release|Any CPU
		{B7982834-4445-4771-A653-45988A942E81}.Release|x64.ActiveCfg = Release|Any CPU
		{B7982834-4445-4771-A653-45988A942E81}.Release|x64.Build.0 = Release|Any CPU
		{B7982834-4445-4771-A653-45988A942E81}.Release|x86.ActiveCfg = Release|Any CPU
		{B7982834-4445-4771-A653-45988A942E81}.Release|x86.Build.0 = Release|Any CPU
		{A1B20F9E-E93D-45A7-A1AA-9A5B25638587}.Debug|Any CPU.ActiveCfg = Debug|Any CPU
		{A1B20F9E-E93D-45A7-A1AA-9A5B25638587}.Debug|Any CPU.Build.0 = Debug|Any CPU
		{A1B20F9E-E93D-45A7-A1AA-9A5B25638587}.Debug|x64.ActiveCfg = Debug|Any CPU
		{A1B20F9E-E93D-45A7-A1AA-9A5B25638587}.Debug|x64.Build.0 = Debug|Any CPU
		{A1B20F9E-E93D-45A7-A1AA-9A5B25638587}.Debug|x86.ActiveCfg = Debug|Any CPU
		{A1B20F9E-E93D-45A7-A1AA-9A5B25638587}.Debug|x86.Build.0 = Debug|Any CPU
		{A1B20F9E-E93D-45A7-A1AA-9A5B25638587}.Release|Any CPU.ActiveCfg = Release|Any CPU
		{A1B20F9E-E93D-45A7-A1AA-9A5B25638587}.Release|Any CPU.Build.0 = Release|Any CPU
		{A1B20F9E-E93D-45A7-A1AA-9A5B25638587}.Release|x64.ActiveCfg = Release|Any CPU
		{A1B20F9E-E93D-45A7-A1AA-9A5B25638587}.Release|x64.Build.0 = Release|Any CPU
		{A1B20F9E-E93D-45A7-A1AA-9A5B25638587}.Release|x86.ActiveCfg = Release|Any CPU
		{A1B20F9E-E93D-45A7-A1AA-9A5B25638587}.Release|x86.Build.0 = Release|Any CPU
		{2811A56E-62B2-4A32-8D74-5CAB1E5DEBB0}.Debug|Any CPU.ActiveCfg = Debug|Any CPU
		{2811A56E-62B2-4A32-8D74-5CAB1E5DEBB0}.Debug|Any CPU.Build.0 = Debug|Any CPU
		{2811A56E-62B2-4A32-8D74-5CAB1E5DEBB0}.Debug|x64.ActiveCfg = Debug|Any CPU
		{2811A56E-62B2-4A32-8D74-5CAB1E5DEBB0}.Debug|x64.Build.0 = Debug|Any CPU
		{2811A56E-62B2-4A32-8D74-5CAB1E5DEBB0}.Debug|x86.ActiveCfg = Debug|Any CPU
		{2811A56E-62B2-4A32-8D74-5CAB1E5DEBB0}.Debug|x86.Build.0 = Debug|Any CPU
		{2811A56E-62B2-4A32-8D74-5CAB1E5DEBB0}.Release|Any CPU.ActiveCfg = Release|Any CPU
		{2811A56E-62B2-4A32-8D74-5CAB1E5DEBB0}.Release|Any CPU.Build.0 = Release|Any CPU
		{2811A56E-62B2-4A32-8D74-5CAB1E5DEBB0}.Release|x64.ActiveCfg = Release|Any CPU
		{2811A56E-62B2-4A32-8D74-5CAB1E5DEBB0}.Release|x64.Build.0 = Release|Any CPU
		{2811A56E-62B2-4A32-8D74-5CAB1E5DEBB0}.Release|x86.ActiveCfg = Release|Any CPU
		{2811A56E-62B2-4A32-8D74-5CAB1E5DEBB0}.Release|x86.Build.0 = Release|Any CPU
	EndGlobalSection
	GlobalSection(SolutionProperties) = preSolution
		HideSolutionNode = FALSE
	EndGlobalSection
	GlobalSection(ExtensibilityGlobals) = postSolution
		SolutionGuid = {901BC0E6-113C-41CD-8A90-45B89A91BD5A}
	EndGlobalSection
	GlobalSection(Performance) = preSolution
		HasPerformanceSessions = true
	EndGlobalSection
EndGlobal
